
Microsoft Visual Studio Solution File, Format Version 12.00
# Visual Studio Version 16
VisualStudioVersion = 16.0.30907.101
MinimumVisualStudioVersion = 10.0.40219.1
Project("{FAE04EC0-301F-11D3-BF4B-00C04F79EFBC}") = "PaintHub", "PaintHub.csproj", "{3AFB3A5D-3B37-45F4-A0DD-50FF065412E2}"
EndProject
Global
	GlobalSection(SolutionConfigurationPlatforms) = preSolution
		Debug|Any CPU = Debug|Any CPU
		Release|Any CPU = Release|Any CPU
	EndGlobalSection
	GlobalSection(ProjectConfigurationPlatforms) = postSolution
		{3AFB3A5D-3B37-45F4-A0DD-50FF065412E2}.Debug|Any CPU.ActiveCfg = Debug|Any CPU
		{3AFB3A5D-3B37-45F4-A0DD-50FF065412E2}.Debug|Any CPU.Build.0 = Debug|Any CPU
		{3AFB3A5D-3B37-45F4-A0DD-50FF065412E2}.Release|Any CPU.ActiveCfg = Release|Any CPU
		{3AFB3A5D-3B37-45F4-A0DD-50FF065412E2}.Release|Any CPU.Build.0 = Release|Any CPU
	EndGlobalSection
	GlobalSection(SolutionProperties) = preSolution
		HideSolutionNode = FALSE
	EndGlobalSection
	GlobalSection(ExtensibilityGlobals) = postSolution
		SolutionGuid = {3596C78E-E184-407B-97BA-FABC388AF847}
	EndGlobalSection
EndGlobal
